
Microsoft Visual Studio Solution File, Format Version 12.00
# Visual Studio Version 17
VisualStudioVersion = 17.10.35027.167
MinimumVisualStudioVersion = 10.0.40219.1
Project("{FAE04EC0-301F-11D3-BF4B-00C04F79EFBC}") = "FIT5032_MyFirstWebApplication", "FIT5032_MyFirstWebApplication\FIT5032_MyFirstWebApplication.csproj", "{1A2D91A1-191F-40E9-8970-4D5AB11F97FE}"
EndProject
Project("{FAE04EC0-301F-11D3-BF4B-00C04F79EFBC}") = "FIT5032_MyFirstWebApplication.Tests", "FIT5032_MyFirstWebApplication.Tests\FIT5032_MyFirstWebApplication.Tests.csproj", "{5D110B40-CBCC-4E27-886B-7D1CF1452180}"
EndProject
Global
	GlobalSection(SolutionConfigurationPlatforms) = preSolution
		Debug|Any CPU = Debug|Any CPU
		Release|Any CPU = Release|Any CPU
	EndGlobalSection
	GlobalSection(ProjectConfigurationPlatforms) = postSolution
		{1A2D91A1-191F-40E9-8970-4D5AB11F97FE}.Debug|Any CPU.ActiveCfg = Debug|Any CPU
		{1A2D91A1-191F-40E9-8970-4D5AB11F97FE}.Debug|Any CPU.Build.0 = Debug|Any CPU
		{1A2D91A1-191F-40E9-8970-4D5AB11F97FE}.Release|Any CPU.ActiveCfg = Release|Any CPU
		{1A2D91A1-191F-40E9-8970-4D5AB11F97FE}.Release|Any CPU.Build.0 = Release|Any CPU
		{5D110B40-CBCC-4E27-886B-7D1CF1452180}.Debug|Any CPU.ActiveCfg = Debug|Any CPU
		{5D110B40-CBCC-4E27-886B-7D1CF1452180}.Debug|Any CPU.Build.0 = Debug|Any CPU
		{5D110B40-CBCC-4E27-886B-7D1CF1452180}.Release|Any CPU.ActiveCfg = Release|Any CPU
		{5D110B40-CBCC-4E27-886B-7D1CF1452180}.Release|Any CPU.Build.0 = Release|Any CPU
	EndGlobalSection
	GlobalSection(SolutionProperties) = preSolution
		HideSolutionNode = FALSE
	EndGlobalSection
	GlobalSection(ExtensibilityGlobals) = postSolution
		SolutionGuid = {30FC03F3-399C-4682-A447-CC526FDEEA32}
	EndGlobalSection
EndGlobal
